// !$*UTF8*$!
{
	archiveVersion = 1;
	classes = {
	};
	objectVersion = 50;
	objects = {

/* Begin PBXBuildFile section */
		788046ED212EE66C00D4D878 /* GraphicalSetViewController.swift in Sources */ = {isa = PBXBuildFile; fileRef = 788046EC212EE66C00D4D878 /* GraphicalSetViewController.swift */; };
		78853476212C9DA700B329AB /* SetCardView.swift in Sources */ = {isa = PBXBuildFile; fileRef = 78853475212C9DA700B329AB /* SetCardView.swift */; };
		AAB4DFB820F18DBB00A19A20 /* Array+Shuffle.swift in Sources */ = {isa = PBXBuildFile; fileRef = AAB4DFB720F18DBA00A19A20 /* Array+Shuffle.swift */; };
		AAB4DFBB20F18E2D00A19A20 /* Int+Random.swift in Sources */ = {isa = PBXBuildFile; fileRef = AAB4DFBA20F18E2D00A19A20 /* Int+Random.swift */; };
		AAEE701120F16C1200662404 /* AppDelegate.swift in Sources */ = {isa = PBXBuildFile; fileRef = AAEE701020F16C1200662404 /* AppDelegate.swift */; };
		AAEE701320F16C1200662404 /* UIViewSetViewController.swift in Sources */ = {isa = PBXBuildFile; fileRef = AAEE701220F16C1200662404 /* UIViewSetViewController.swift */; };
		AAEE701620F16C1200662404 /* Main.storyboard in Resources */ = {isa = PBXBuildFile; fileRef = AAEE701420F16C1200662404 /* Main.storyboard */; };
		AAEE701820F16C1300662404 /* Assets.xcassets in Resources */ = {isa = PBXBuildFile; fileRef = AAEE701720F16C1300662404 /* Assets.xcassets */; };
		AAEE701B20F16C1300662404 /* LaunchScreen.storyboard in Resources */ = {isa = PBXBuildFile; fileRef = AAEE701920F16C1300662404 /* LaunchScreen.storyboard */; };
		AAEE702420F1788100662404 /* SetGame.swift in Sources */ = {isa = PBXBuildFile; fileRef = AAEE702320F1788100662404 /* SetGame.swift */; };
		AAEE702620F1796700662404 /* Card.swift in Sources */ = {isa = PBXBuildFile; fileRef = AAEE702520F1796700662404 /* Card.swift */; };
		AAEE702820F17CAC00662404 /* Deck.swift in Sources */ = {isa = PBXBuildFile; fileRef = AAEE702720F17CAC00662404 /* Deck.swift */; };
/* End PBXBuildFile section */

/* Begin PBXFileReference section */
		788046EC212EE66C00D4D878 /* GraphicalSetViewController.swift */ = {isa = PBXFileReference; lastKnownFileType = sourcecode.swift; path = GraphicalSetViewController.swift; sourceTree = "<group>"; };
		78853475212C9DA700B329AB /* SetCardView.swift */ = {isa = PBXFileReference; lastKnownFileType = sourcecode.swift; path = SetCardView.swift; sourceTree = "<group>"; };
		AAB4DFB720F18DBA00A19A20 /* Array+Shuffle.swift */ = {isa = PBXFileReference; fileEncoding = 4; lastKnownFileType = sourcecode.swift; path = "Array+Shuffle.swift"; sourceTree = "<group>"; };
		AAB4DFBA20F18E2D00A19A20 /* Int+Random.swift */ = {isa = PBXFileReference; fileEncoding = 4; lastKnownFileType = sourcecode.swift; path = "Int+Random.swift"; sourceTree = "<group>"; };
		AAEE700D20F16C1200662404 /* SetGame.app */ = {isa = PBXFileReference; explicitFileType = wrapper.application; includeInIndex = 0; path = SetGame.app; sourceTree = BUILT_PRODUCTS_DIR; };
		AAEE701020F16C1200662404 /* AppDelegate.swift */ = {isa = PBXFileReference; lastKnownFileType = sourcecode.swift; path = AppDelegate.swift; sourceTree = "<group>"; };
		AAEE701220F16C1200662404 /* UIViewSetViewController.swift */ = {isa = PBXFileReference; lastKnownFileType = sourcecode.swift; path = UIViewSetViewController.swift; sourceTree = "<group>"; };
		AAEE701520F16C1200662404 /* Base */ = {isa = PBXFileReference; lastKnownFileType = file.storyboard; name = Base; path = Base.lproj/Main.storyboard; sourceTree = "<group>"; };
		AAEE701720F16C1300662404 /* Assets.xcassets */ = {isa = PBXFileReference; lastKnownFileType = folder.assetcatalog; path = Assets.xcassets; sourceTree = "<group>"; };
		AAEE701A20F16C1300662404 /* Base */ = {isa = PBXFileReference; lastKnownFileType = file.storyboard; name = Base; path = Base.lproj/LaunchScreen.storyboard; sourceTree = "<group>"; };
		AAEE701C20F16C1300662404 /* Info.plist */ = {isa = PBXFileReference; lastKnownFileType = text.plist.xml; path = Info.plist; sourceTree = "<group>"; };
		AAEE702320F1788100662404 /* SetGame.swift */ = {isa = PBXFileReference; lastKnownFileType = sourcecode.swift; path = SetGame.swift; sourceTree = "<group>"; };
		AAEE702520F1796700662404 /* Card.swift */ = {isa = PBXFileReference; lastKnownFileType = sourcecode.swift; path = Card.swift; sourceTree = "<group>"; };
		AAEE702720F17CAC00662404 /* Deck.swift */ = {isa = PBXFileReference; lastKnownFileType = sourcecode.swift; path = Deck.swift; sourceTree = "<group>"; };
/* End PBXFileReference section */

/* Begin PBXFrameworksBuildPhase section */
		AAEE700A20F16C1200662404 /* Frameworks */ = {
			isa = PBXFrameworksBuildPhase;
			buildActionMask = 2147483647;
			files = (
			);
			runOnlyForDeploymentPostprocessing = 0;
		};
/* End PBXFrameworksBuildPhase section */

/* Begin PBXGroup section */
		788046E8212EE50800D4D878 /* Game */ = {
			isa = PBXGroup;
			children = (
				AAEE702320F1788100662404 /* SetGame.swift */,
				AAEE702520F1796700662404 /* Card.swift */,
				AAEE702720F17CAC00662404 /* Deck.swift */,
			);
			path = Game;
			sourceTree = "<group>";
		};
		788046E9212EE61000D4D878 /* GraphicalSet */ = {
			isa = PBXGroup;
			children = (
				78853474212C9D7700B329AB /* View */,
				788046EC212EE66C00D4D878 /* GraphicalSetViewController.swift */,
			);
			path = GraphicalSet;
			sourceTree = "<group>";
		};
		78853474212C9D7700B329AB /* View */ = {
			isa = PBXGroup;
			children = (
				78853475212C9DA700B329AB /* SetCardView.swift */,
			);
			path = View;
			sourceTree = "<group>";
		};
		AAB4DFB920F18DD300A19A20 /* CommonExtensions */ = {
			isa = PBXGroup;
			children = (
				AAB4DFBA20F18E2D00A19A20 /* Int+Random.swift */,
				AAB4DFB720F18DBA00A19A20 /* Array+Shuffle.swift */,
			);
			path = CommonExtensions;
			sourceTree = "<group>";
		};
		AAEE700420F16C1200662404 = {
			isa = PBXGroup;
			children = (
				AAEE700F20F16C1200662404 /* SetGame */,
				AAEE700E20F16C1200662404 /* Products */,
			);
			sourceTree = "<group>";
		};
		AAEE700E20F16C1200662404 /* Products */ = {
			isa = PBXGroup;
			children = (
				AAEE700D20F16C1200662404 /* SetGame.app */,
			);
			name = Products;
			sourceTree = "<group>";
		};
		AAEE700F20F16C1200662404 /* SetGame */ = {
			isa = PBXGroup;
			children = (
				AAEE702220F16C3000662404 /* SupportFiles */,
				788046E9212EE61000D4D878 /* GraphicalSet */,
				AAEE701220F16C1200662404 /* UIViewSetViewController.swift */,
				AAEE701420F16C1200662404 /* Main.storyboard */,
				AAEE701C20F16C1300662404 /* Info.plist */,
				788046E8212EE50800D4D878 /* Game */,
				AAB4DFB920F18DD300A19A20 /* CommonExtensions */,
			);
			path = SetGame;
			sourceTree = "<group>";
		};
		AAEE702220F16C3000662404 /* SupportFiles */ = {
			isa = PBXGroup;
			children = (
				AAEE701020F16C1200662404 /* AppDelegate.swift */,
				AAEE701920F16C1300662404 /* LaunchScreen.storyboard */,
				AAEE701720F16C1300662404 /* Assets.xcassets */,
			);
			path = SupportFiles;
			sourceTree = "<group>";
		};
/* End PBXGroup section */

/* Begin PBXNativeTarget section */
		AAEE700C20F16C1200662404 /* SetGame */ = {
			isa = PBXNativeTarget;
			buildConfigurationList = AAEE701F20F16C1300662404 /* Build configuration list for PBXNativeTarget "SetGame" */;
			buildPhases = (
				AAEE700920F16C1200662404 /* Sources */,
				AAEE700A20F16C1200662404 /* Frameworks */,
				AAEE700B20F16C1200662404 /* Resources */,
			);
			buildRules = (
			);
			dependencies = (
			);
			name = SetGame;
			productName = SetGame;
			productReference = AAEE700D20F16C1200662404 /* SetGame.app */;
			productType = "com.apple.product-type.application";
		};
/* End PBXNativeTarget section */

/* Begin PBXProject section */
		AAEE700520F16C1200662404 /* Project object */ = {
			isa = PBXProject;
			attributes = {
				LastSwiftUpdateCheck = 0940;
				LastUpgradeCheck = 0940;
				ORGANIZATIONNAME = "Pablo Cobucci Leite";
				TargetAttributes = {
					AAEE700C20F16C1200662404 = {
						CreatedOnToolsVersion = 9.4.1;
					};
				};
			};
			buildConfigurationList = AAEE700820F16C1200662404 /* Build configuration list for PBXProject "SetGame" */;
			compatibilityVersion = "Xcode 9.3";
			developmentRegion = en;
			hasScannedForEncodings = 0;
			knownRegions = (
				en,
				Base,
			);
			mainGroup = AAEE700420F16C1200662404;
			productRefGroup = AAEE700E20F16C1200662404 /* Products */;
			projectDirPath = "";
			projectRoot = "";
			targets = (
				AAEE700C20F16C1200662404 /* SetGame */,
			);
		};
/* End PBXProject section */

/* Begin PBXResourcesBuildPhase section */
		AAEE700B20F16C1200662404 /* Resources */ = {
			isa = PBXResourcesBuildPhase;
			buildActionMask = 2147483647;
			files = (
				AAEE701B20F16C1300662404 /* LaunchScreen.storyboard in Resources */,
				AAEE701820F16C1300662404 /* Assets.xcassets in Resources */,
				AAEE701620F16C1200662404 /* Main.storyboard in Resources */,
			);
			runOnlyForDeploymentPostprocessing = 0;
		};
/* End PBXResourcesBuildPhase section */

/* Begin PBXSourcesBuildPhase section */
		AAEE700920F16C1200662404 /* Sources */ = {
			isa = PBXSourcesBuildPhase;
			buildActionMask = 2147483647;
			files = (
				AAEE701320F16C1200662404 /* UIViewSetViewController.swift in Sources */,
				AAB4DFBB20F18E2D00A19A20 /* Int+Random.swift in Sources */,
				AAB4DFB820F18DBB00A19A20 /* Array+Shuffle.swift in Sources */,
				AAEE702420F1788100662404 /* SetGame.swift in Sources */,
				AAEE702820F17CAC00662404 /* Deck.swift in Sources */,
				788046ED212EE66C00D4D878 /* GraphicalSetViewController.swift in Sources */,
				78853476212C9DA700B329AB /* SetCardView.swift in Sources */,
				AAEE701120F16C1200662404 /* AppDelegate.swift in Sources */,
				AAEE702620F1796700662404 /* Card.swift in Sources */,
			);
			runOnlyForDeploymentPostprocessing = 0;
		};
/* End PBXSourcesBuildPhase section */

/* Begin PBXVariantGroup section */
		AAEE701420F16C1200662404 /* Main.storyboard */ = {
			isa = PBXVariantGroup;
			children = (
				AAEE701520F16C1200662404 /* Base */,
			);
			name = Main.storyboard;
			sourceTree = "<group>";
		};
		AAEE701920F16C1300662404 /* LaunchScreen.storyboard */ = {
			isa = PBXVariantGroup;
			children = (
				AAEE701A20F16C1300662404 /* Base */,
			);
			name = LaunchScreen.storyboard;
			sourceTree = "<group>";
		};
/* End PBXVariantGroup section */

/* Begin XCBuildConfiguration section */
		AAEE701D20F16C1300662404 /* Debug */ = {
			isa = XCBuildConfiguration;
			buildSettings = {
				ALWAYS_SEARCH_USER_PATHS = NO;
				CLANG_ANALYZER_NONNULL = YES;
				CLANG_ANALYZER_NUMBER_OBJECT_CONVERSION = YES_AGGRESSIVE;
				CLANG_CXX_LANGUAGE_STANDARD = "gnu++14";
				CLANG_CXX_LIBRARY = "libc++";
				CLANG_ENABLE_MODULES = YES;
				CLANG_ENABLE_OBJC_ARC = YES;
				CLANG_ENABLE_OBJC_WEAK = YES;
				CLANG_WARN_BLOCK_CAPTURE_AUTORELEASING = YES;
				CLANG_WARN_BOOL_CONVERSION = YES;
				CLANG_WARN_COMMA = YES;
				CLANG_WARN_CONSTANT_CONVERSION = YES;
				CLANG_WARN_DEPRECATED_OBJC_IMPLEMENTATIONS = YES;
				CLANG_WARN_DIRECT_OBJC_ISA_USAGE = YES_ERROR;
				CLANG_WARN_DOCUMENTATION_COMMENTS = YES;
				CLANG_WARN_EMPTY_BODY = YES;
				CLANG_WARN_ENUM_CONVERSION = YES;
				CLANG_WARN_INFINITE_RECURSION = YES;
				CLANG_WARN_INT_CONVERSION = YES;
				CLANG_WARN_NON_LITERAL_NULL_CONVERSION = YES;
				CLANG_WARN_OBJC_IMPLICIT_RETAIN_SELF = YES;
				CLANG_WARN_OBJC_LITERAL_CONVERSION = YES;
				CLANG_WARN_OBJC_ROOT_CLASS = YES_ERROR;
				CLANG_WARN_RANGE_LOOP_ANALYSIS = YES;
				CLANG_WARN_STRICT_PROTOTYPES = YES;
				CLANG_WARN_SUSPICIOUS_MOVE = YES;
				CLANG_WARN_UNGUARDED_AVAILABILITY = YES_AGGRESSIVE;
				CLANG_WARN_UNREACHABLE_CODE = YES;
				CLANG_WARN__DUPLICATE_METHOD_MATCH = YES;
				CODE_SIGN_IDENTITY = "iPhone Developer";
				COPY_PHASE_STRIP = NO;
				DEBUG_INFORMATION_FORMAT = dwarf;
				ENABLE_STRICT_OBJC_MSGSEND = YES;
				ENABLE_TESTABILITY = YES;
				GCC_C_LANGUAGE_STANDARD = gnu11;
				GCC_DYNAMIC_NO_PIC = NO;
				GCC_NO_COMMON_BLOCKS = YES;
				GCC_OPTIMIZATION_LEVEL = 0;
				GCC_PREPROCESSOR_DEFINITIONS = (
					"DEBUG=1",
					"$(inherited)",
				);
				GCC_WARN_64_TO_32_BIT_CONVERSION = YES;
				GCC_WARN_ABOUT_RETURN_TYPE = YES_ERROR;
				GCC_WARN_UNDECLARED_SELECTOR = YES;
				GCC_WARN_UNINITIALIZED_AUTOS = YES_AGGRESSIVE;
				GCC_WARN_UNUSED_FUNCTION = YES;
				GCC_WARN_UNUSED_VARIABLE = YES;
				IPHONEOS_DEPLOYMENT_TARGET = 11.4;
				MTL_ENABLE_DEBUG_INFO = YES;
				ONLY_ACTIVE_ARCH = YES;
				SDKROOT = iphoneos;
				SWIFT_ACTIVE_COMPILATION_CONDITIONS = DEBUG;
				SWIFT_OPTIMIZATION_LEVEL = "-Onone";
			};
			name = Debug;
		};
		AAEE701E20F16C1300662404 /* Release */ = {
			isa = XCBuildConfiguration;
			buildSettings = {
				ALWAYS_SEARCH_USER_PATHS = NO;
				CLANG_ANALYZER_NONNULL = YES;
				CLANG_ANALYZER_NUMBER_OBJECT_CONVERSION = YES_AGGRESSIVE;
				CLANG_CXX_LANGUAGE_STANDARD = "gnu++14";
				CLANG_CXX_LIBRARY = "libc++";
				CLANG_ENABLE_MODULES = YES;
				CLANG_ENABLE_OBJC_ARC = YES;
				CLANG_ENABLE_OBJC_WEAK = YES;
				CLANG_WARN_BLOCK_CAPTURE_AUTORELEASING = YES;
				CLANG_WARN_BOOL_CONVERSION = YES;
				CLANG_WARN_COMMA = YES;
				CLANG_WARN_CONSTANT_CONVERSION = YES;
				CLANG_WARN_DEPRECATED_OBJC_IMPLEMENTATIONS = YES;
				CLANG_WARN_DIRECT_OBJC_ISA_USAGE = YES_ERROR;
				CLANG_WARN_DOCUMENTATION_COMMENTS = YES;
				CLANG_WARN_EMPTY_BODY = YES;
				CLANG_WARN_ENUM_CONVERSION = YES;
				CLANG_WARN_INFINITE_RECURSION = YES;
				CLANG_WARN_INT_CONVERSION = YES;
				CLANG_WARN_NON_LITERAL_NULL_CONVERSION = YES;
				CLANG_WARN_OBJC_IMPLICIT_RETAIN_SELF = YES;
				CLANG_WARN_OBJC_LITERAL_CONVERSION = YES;
				CLANG_WARN_OBJC_ROOT_CLASS = YES_ERROR;
				CLANG_WARN_RANGE_LOOP_ANALYSIS = YES;
				CLANG_WARN_STRICT_PROTOTYPES = YES;
				CLANG_WARN_SUSPICIOUS_MOVE = YES;
				CLANG_WARN_UNGUARDED_AVAILABILITY = YES_AGGRESSIVE;
				CLANG_WARN_UNREACHABLE_CODE = YES;
				CLANG_WARN__DUPLICATE_METHOD_MATCH = YES;
				CODE_SIGN_IDENTITY = "iPhone Developer";
				COPY_PHASE_STRIP = NO;
				DEBUG_INFORMATION_FORMAT = "dwarf-with-dsym";
				ENABLE_NS_ASSERTIONS = NO;
				ENABLE_STRICT_OBJC_MSGSEND = YES;
				GCC_C_LANGUAGE_STANDARD = gnu11;
				GCC_NO_COMMON_BLOCKS = YES;
				GCC_WARN_64_TO_32_BIT_CONVERSION = YES;
				GCC_WARN_ABOUT_RETURN_TYPE = YES_ERROR;
				GCC_WARN_UNDECLARED_SELECTOR = YES;
				GCC_WARN_UNINITIALIZED_AUTOS = YES_AGGRESSIVE;
				GCC_WARN_UNUSED_FUNCTION = YES;
				GCC_WARN_UNUSED_VARIABLE = YES;
				IPHONEOS_DEPLOYMENT_TARGET = 11.4;
				MTL_ENABLE_DEBUG_INFO = NO;
				SDKROOT = iphoneos;
				SWIFT_COMPILATION_MODE = wholemodule;
				SWIFT_OPTIMIZATION_LEVEL = "-O";
				VALIDATE_PRODUCT = YES;
			};
			name = Release;
		};
		AAEE702020F16C1300662404 /* Debug */ = {
			isa = XCBuildConfiguration;
			buildSettings = {
				ASSETCATALOG_COMPILER_APPICON_NAME = AppIcon;
				CODE_SIGN_STYLE = Automatic;
				DEVELOPMENT_TEAM = 84K279ZBCN;
				INFOPLIST_FILE = SetGame/Info.plist;
				LD_RUNPATH_SEARCH_PATHS = (
					"$(inherited)",
					"@executable_path/Frameworks",
				);
				PRODUCT_BUNDLE_IDENTIFIER = com.pablocleite.SetGame;
				PRODUCT_NAME = "$(TARGET_NAME)";
				SWIFT_VERSION = 4.0;
				TARGETED_DEVICE_FAMILY = "1,2";
			};
			name = Debug;
		};
		AAEE702120F16C1300662404 /* Release */ = {
			isa = XCBuildConfiguration;
			buildSettings = {
				ASSETCATALOG_COMPILER_APPICON_NAME = AppIcon;
				CODE_SIGN_STYLE = Automatic;
				DEVELOPMENT_TEAM = 84K279ZBCN;
				INFOPLIST_FILE = SetGame/Info.plist;
				LD_RUNPATH_SEARCH_PATHS = (
					"$(inherited)",
					"@executable_path/Frameworks",
				);
				PRODUCT_BUNDLE_IDENTIFIER = com.pablocleite.SetGame;
				PRODUCT_NAME = "$(TARGET_NAME)";
				SWIFT_VERSION = 4.0;
				TARGETED_DEVICE_FAMILY = "1,2";
			};
			name = Release;
		};
/* End XCBuildConfiguration section */

/* Begin XCConfigurationList section */
		AAEE700820F16C1200662404 /* Build configuration list for PBXProject "SetGame" */ = {
			isa = XCConfigurationList;
			buildConfigurations = (
				AAEE701D20F16C1300662404 /* Debug */,
				AAEE701E20F16C1300662404 /* Release */,
			);
			defaultConfigurationIsVisible = 0;
			defaultConfigurationName = Release;
		};
		AAEE701F20F16C1300662404 /* Build configuration list for PBXNativeTarget "SetGame" */ = {
			isa = XCConfigurationList;
			buildConfigurations = (
				AAEE702020F16C1300662404 /* Debug */,
				AAEE702120F16C1300662404 /* Release */,
			);
			defaultConfigurationIsVisible = 0;
			defaultConfigurationName = Release;
		};
/* End XCConfigurationList section */
	};
	rootObject = AAEE700520F16C1200662404 /* Project object */;
}
